// !$*UTF8*$!
{
	archiveVersion = 1;
	classes = {
	};
	objectVersion = 56;
	objects = {

/* Begin PBXBuildFile section */
		CA46F1DB2A19BA0D007E970C /* PlayerArray.swift in Sources */ = {isa = PBXBuildFile; fileRef = CA46F1DA2A19BA0D007E970C /* PlayerArray.swift */; };
		CA46F1DD2A19BA76007E970C /* Game+Helpers.swift in Sources */ = {isa = PBXBuildFile; fileRef = CA46F1DC2A19BA76007E970C /* Game+Helpers.swift */; };
		CA46F1E02A19BB48007E970C /* Guess.swift in Sources */ = {isa = PBXBuildFile; fileRef = CA46F1DE2A19BB32007E970C /* Guess.swift */; };
		CA46F1E22A19BB5E007E970C /* Player.swift in Sources */ = {isa = PBXBuildFile; fileRef = CA46F1E12A19BB5E007E970C /* Player.swift */; };
		CA9892482A1872FC0062104B /* Strings.swift in Sources */ = {isa = PBXBuildFile; fileRef = CA9892472A1872FC0062104B /* Strings.swift */; };
		CA98924A2A18738C0062104B /* String+Helpers.swift in Sources */ = {isa = PBXBuildFile; fileRef = CA9892492A18738C0062104B /* String+Helpers.swift */; };
		CABA93432A1674A100FD3070 /* main.swift in Sources */ = {isa = PBXBuildFile; fileRef = CABA93422A1674A100FD3070 /* main.swift */; };
		CABA934A2A1674EB00FD3070 /* Cards.swift in Sources */ = {isa = PBXBuildFile; fileRef = CABA93492A1674EB00FD3070 /* Cards.swift */; };
		CABA934C2A167F1D00FD3070 /* Game.swift in Sources */ = {isa = PBXBuildFile; fileRef = CABA934B2A167F1D00FD3070 /* Game.swift */; };
/* End PBXBuildFile section */

/* Begin PBXCopyFilesBuildPhase section */
		CABA933D2A1674A100FD3070 /* CopyFiles */ = {
			isa = PBXCopyFilesBuildPhase;
			buildActionMask = 2147483647;
			dstPath = /usr/share/man/man1/;
			dstSubfolderSpec = 0;
			files = (
			);
			runOnlyForDeploymentPostprocessing = 1;
		};
/* End PBXCopyFilesBuildPhase section */

/* Begin PBXFileReference section */
		CA46F1DA2A19BA0D007E970C /* PlayerArray.swift */ = {isa = PBXFileReference; lastKnownFileType = sourcecode.swift; path = PlayerArray.swift; sourceTree = "<group>"; };
		CA46F1DC2A19BA76007E970C /* Game+Helpers.swift */ = {isa = PBXFileReference; lastKnownFileType = sourcecode.swift; path = "Game+Helpers.swift"; sourceTree = "<group>"; };
		CA46F1DE2A19BB32007E970C /* Guess.swift */ = {isa = PBXFileReference; lastKnownFileType = sourcecode.swift; path = Guess.swift; sourceTree = "<group>"; };
		CA46F1E12A19BB5E007E970C /* Player.swift */ = {isa = PBXFileReference; lastKnownFileType = sourcecode.swift; path = Player.swift; sourceTree = "<group>"; };
		CA9892472A1872FC0062104B /* Strings.swift */ = {isa = PBXFileReference; lastKnownFileType = sourcecode.swift; path = Strings.swift; sourceTree = "<group>"; };
		CA9892492A18738C0062104B /* String+Helpers.swift */ = {isa = PBXFileReference; lastKnownFileType = sourcecode.swift; path = "String+Helpers.swift"; sourceTree = "<group>"; };
		CABA933F2A1674A100FD3070 /* Hilo */ = {isa = PBXFileReference; explicitFileType = "compiled.mach-o.executable"; includeInIndex = 0; path = Hilo; sourceTree = BUILT_PRODUCTS_DIR; };
		CABA93422A1674A100FD3070 /* main.swift */ = {isa = PBXFileReference; lastKnownFileType = sourcecode.swift; path = main.swift; sourceTree = "<group>"; };
		CABA93492A1674EB00FD3070 /* Cards.swift */ = {isa = PBXFileReference; lastKnownFileType = sourcecode.swift; path = Cards.swift; sourceTree = "<group>"; };
		CABA934B2A167F1D00FD3070 /* Game.swift */ = {isa = PBXFileReference; lastKnownFileType = sourcecode.swift; path = Game.swift; sourceTree = "<group>"; };
/* End PBXFileReference section */

/* Begin PBXFrameworksBuildPhase section */
		CABA933C2A1674A100FD3070 /* Frameworks */ = {
			isa = PBXFrameworksBuildPhase;
			buildActionMask = 2147483647;
			files = (
			);
			runOnlyForDeploymentPostprocessing = 0;
		};
/* End PBXFrameworksBuildPhase section */

/* Begin PBXGroup section */
		CA98924B2A1873B70062104B /* Extensions */ = {
			isa = PBXGroup;
			children = (
				CA9892492A18738C0062104B /* String+Helpers.swift */,
				CA46F1DC2A19BA76007E970C /* Game+Helpers.swift */,
				CA46F1DA2A19BA0D007E970C /* PlayerArray.swift */,
			);
			path = Extensions;
			sourceTree = "<group>";
		};
		CA98924C2A1873C10062104B /* Strings */ = {
			isa = PBXGroup;
			children = (
				CA9892472A1872FC0062104B /* Strings.swift */,
			);
			path = Strings;
			sourceTree = "<group>";
		};
		CA98924D2A1873DC0062104B /* Core */ = {
			isa = PBXGroup;
			children = (
				CABA93492A1674EB00FD3070 /* Cards.swift */,
				CABA934B2A167F1D00FD3070 /* Game.swift */,
				CA46F1DE2A19BB32007E970C /* Guess.swift */,
				CA46F1E12A19BB5E007E970C /* Player.swift */,
			);
			path = Core;
			sourceTree = "<group>";
		};
		CABA93362A1674A100FD3070 = {
			isa = PBXGroup;
			children = (
				CABA93412A1674A100FD3070 /* Hilo */,
				CABA93402A1674A100FD3070 /* Products */,
			);
			sourceTree = "<group>";
		};
		CABA93402A1674A100FD3070 /* Products */ = {
			isa = PBXGroup;
			children = (
				CABA933F2A1674A100FD3070 /* Hilo */,
			);
			name = Products;
			sourceTree = "<group>";
		};
		CABA93412A1674A100FD3070 /* Hilo */ = {
			isa = PBXGroup;
			children = (
				CA98924D2A1873DC0062104B /* Core */,
				CA98924B2A1873B70062104B /* Extensions */,
				CA98924C2A1873C10062104B /* Strings */,
				CABA93422A1674A100FD3070 /* main.swift */,
			);
			path = Hilo;
			sourceTree = "<group>";
		};
/* End PBXGroup section */

/* Begin PBXNativeTarget section */
		CABA933E2A1674A100FD3070 /* Hilo */ = {
			isa = PBXNativeTarget;
			buildConfigurationList = CABA93462A1674A100FD3070 /* Build configuration list for PBXNativeTarget "Hilo" */;
			buildPhases = (
				CABA933B2A1674A100FD3070 /* Sources */,
				CABA933C2A1674A100FD3070 /* Frameworks */,
				CABA933D2A1674A100FD3070 /* CopyFiles */,
			);
			buildRules = (
			);
			dependencies = (
			);
			name = Hilo;
			productName = Hilo;
			productReference = CABA933F2A1674A100FD3070 /* Hilo */;
			productType = "com.apple.product-type.tool";
		};
/* End PBXNativeTarget section */

/* Begin PBXProject section */
		CABA93372A1674A100FD3070 /* Project object */ = {
			isa = PBXProject;
			attributes = {
				BuildIndependentTargetsInParallel = 1;
				LastSwiftUpdateCheck = 1430;
				LastUpgradeCheck = 1430;
				TargetAttributes = {
					CABA933E2A1674A100FD3070 = {
						CreatedOnToolsVersion = 14.3;
					};
				};
			};
			buildConfigurationList = CABA933A2A1674A100FD3070 /* Build configuration list for PBXProject "Hilo" */;
			compatibilityVersion = "Xcode 14.0";
			developmentRegion = en;
			hasScannedForEncodings = 0;
			knownRegions = (
				en,
				Base,
			);
			mainGroup = CABA93362A1674A100FD3070;
			productRefGroup = CABA93402A1674A100FD3070 /* Products */;
			projectDirPath = "";
			projectRoot = "";
			targets = (
				CABA933E2A1674A100FD3070 /* Hilo */,
			);
		};
/* End PBXProject section */

/* Begin PBXSourcesBuildPhase section */
		CABA933B2A1674A100FD3070 /* Sources */ = {
			isa = PBXSourcesBuildPhase;
			buildActionMask = 2147483647;
			files = (
				CA46F1DB2A19BA0D007E970C /* PlayerArray.swift in Sources */,
				CA46F1DD2A19BA76007E970C /* Game+Helpers.swift in Sources */,
				CA98924A2A18738C0062104B /* String+Helpers.swift in Sources */,
				CABA93432A1674A100FD3070 /* main.swift in Sources */,
				CABA934C2A167F1D00FD3070 /* Game.swift in Sources */,
				CA46F1E02A19BB48007E970C /* Guess.swift in Sources */,
				CA9892482A1872FC0062104B /* Strings.swift in Sources */,
				CA46F1E22A19BB5E007E970C /* Player.swift in Sources */,
				CABA934A2A1674EB00FD3070 /* Cards.swift in Sources */,
			);
			runOnlyForDeploymentPostprocessing = 0;
		};
/* End PBXSourcesBuildPhase section */

/* Begin XCBuildConfiguration section */
		CABA93442A1674A100FD3070 /* Debug */ = {
			isa = XCBuildConfiguration;
			buildSettings = {
				ALWAYS_SEARCH_USER_PATHS = NO;
				CLANG_ANALYZER_NONNULL = YES;
				CLANG_ANALYZER_NUMBER_OBJECT_CONVERSION = YES_AGGRESSIVE;
				CLANG_CXX_LANGUAGE_STANDARD = "gnu++20";
				CLANG_ENABLE_MODULES = YES;
				CLANG_ENABLE_OBJC_ARC = YES;
				CLANG_ENABLE_OBJC_WEAK = YES;
				CLANG_WARN_BLOCK_CAPTURE_AUTORELEASING = YES;
				CLANG_WARN_BOOL_CONVERSION = YES;
				CLANG_WARN_COMMA = YES;
				CLANG_WARN_CONSTANT_CONVERSION = YES;
				CLANG_WARN_DEPRECATED_OBJC_IMPLEMENTATIONS = YES;
				CLANG_WARN_DIRECT_OBJC_ISA_USAGE = YES_ERROR;
				CLANG_WARN_DOCUMENTATION_COMMENTS = YES;
				CLANG_WARN_EMPTY_BODY = YES;
				CLANG_WARN_ENUM_CONVERSION = YES;
				CLANG_WARN_INFINITE_RECURSION = YES;
				CLANG_WARN_INT_CONVERSION = YES;
				CLANG_WARN_NON_LITERAL_NULL_CONVERSION = YES;
				CLANG_WARN_OBJC_IMPLICIT_RETAIN_SELF = YES;
				CLANG_WARN_OBJC_LITERAL_CONVERSION = YES;
				CLANG_WARN_OBJC_ROOT_CLASS = YES_ERROR;
				CLANG_WARN_QUOTED_INCLUDE_IN_FRAMEWORK_HEADER = YES;
				CLANG_WARN_RANGE_LOOP_ANALYSIS = YES;
				CLANG_WARN_STRICT_PROTOTYPES = YES;
				CLANG_WARN_SUSPICIOUS_MOVE = YES;
				CLANG_WARN_UNGUARDED_AVAILABILITY = YES_AGGRESSIVE;
				CLANG_WARN_UNREACHABLE_CODE = YES;
				CLANG_WARN__DUPLICATE_METHOD_MATCH = YES;
				COPY_PHASE_STRIP = NO;
				DEBUG_INFORMATION_FORMAT = dwarf;
				ENABLE_STRICT_OBJC_MSGSEND = YES;
				ENABLE_TESTABILITY = YES;
				GCC_C_LANGUAGE_STANDARD = gnu11;
				GCC_DYNAMIC_NO_PIC = NO;
				GCC_NO_COMMON_BLOCKS = YES;
				GCC_OPTIMIZATION_LEVEL = 0;
				GCC_PREPROCESSOR_DEFINITIONS = (
					"DEBUG=1",
					"$(inherited)",
				);
				GCC_WARN_64_TO_32_BIT_CONVERSION = YES;
				GCC_WARN_ABOUT_RETURN_TYPE = YES_ERROR;
				GCC_WARN_UNDECLARED_SELECTOR = YES;
				GCC_WARN_UNINITIALIZED_AUTOS = YES_AGGRESSIVE;
				GCC_WARN_UNUSED_FUNCTION = YES;
				GCC_WARN_UNUSED_VARIABLE = YES;
				MACOSX_DEPLOYMENT_TARGET = 13.3;
				MTL_ENABLE_DEBUG_INFO = INCLUDE_SOURCE;
				MTL_FAST_MATH = YES;
				ONLY_ACTIVE_ARCH = YES;
				SDKROOT = macosx;
				SWIFT_ACTIVE_COMPILATION_CONDITIONS = DEBUG;
				SWIFT_OPTIMIZATION_LEVEL = "-Onone";
			};
			name = Debug;
		};
		CABA93452A1674A100FD3070 /* Release */ = {
			isa = XCBuildConfiguration;
			buildSettings = {
				ALWAYS_SEARCH_USER_PATHS = NO;
				CLANG_ANALYZER_NONNULL = YES;
				CLANG_ANALYZER_NUMBER_OBJECT_CONVERSION = YES_AGGRESSIVE;
				CLANG_CXX_LANGUAGE_STANDARD = "gnu++20";
				CLANG_ENABLE_MODULES = YES;
				CLANG_ENABLE_OBJC_ARC = YES;
				CLANG_ENABLE_OBJC_WEAK = YES;
				CLANG_WARN_BLOCK_CAPTURE_AUTORELEASING = YES;
				CLANG_WARN_BOOL_CONVERSION = YES;
				CLANG_WARN_COMMA = YES;
				CLANG_WARN_CONSTANT_CONVERSION = YES;
				CLANG_WARN_DEPRECATED_OBJC_IMPLEMENTATIONS = YES;
				CLANG_WARN_DIRECT_OBJC_ISA_USAGE = YES_ERROR;
				CLANG_WARN_DOCUMENTATION_COMMENTS = YES;
				CLANG_WARN_EMPTY_BODY = YES;
				CLANG_WARN_ENUM_CONVERSION = YES;
				CLANG_WARN_INFINITE_RECURSION = YES;
				CLANG_WARN_INT_CONVERSION = YES;
				CLANG_WARN_NON_LITERAL_NULL_CONVERSION = YES;
				CLANG_WARN_OBJC_IMPLICIT_RETAIN_SELF = YES;
				CLANG_WARN_OBJC_LITERAL_CONVERSION = YES;
				CLANG_WARN_OBJC_ROOT_CLASS = YES_ERROR;
				CLANG_WARN_QUOTED_INCLUDE_IN_FRAMEWORK_HEADER = YES;
				CLANG_WARN_RANGE_LOOP_ANALYSIS = YES;
				CLANG_WARN_STRICT_PROTOTYPES = YES;
				CLANG_WARN_SUSPICIOUS_MOVE = YES;
				CLANG_WARN_UNGUARDED_AVAILABILITY = YES_AGGRESSIVE;
				CLANG_WARN_UNREACHABLE_CODE = YES;
				CLANG_WARN__DUPLICATE_METHOD_MATCH = YES;
				COPY_PHASE_STRIP = NO;
				DEBUG_INFORMATION_FORMAT = "dwarf-with-dsym";
				ENABLE_NS_ASSERTIONS = NO;
				ENABLE_STRICT_OBJC_MSGSEND = YES;
				GCC_C_LANGUAGE_STANDARD = gnu11;
				GCC_NO_COMMON_BLOCKS = YES;
				GCC_WARN_64_TO_32_BIT_CONVERSION = YES;
				GCC_WARN_ABOUT_RETURN_TYPE = YES_ERROR;
				GCC_WARN_UNDECLARED_SELECTOR = YES;
				GCC_WARN_UNINITIALIZED_AUTOS = YES_AGGRESSIVE;
				GCC_WARN_UNUSED_FUNCTION = YES;
				GCC_WARN_UNUSED_VARIABLE = YES;
				MACOSX_DEPLOYMENT_TARGET = 13.3;
				MTL_ENABLE_DEBUG_INFO = NO;
				MTL_FAST_MATH = YES;
				SDKROOT = macosx;
				SWIFT_COMPILATION_MODE = wholemodule;
				SWIFT_OPTIMIZATION_LEVEL = "-O";
			};
			name = Release;
		};
		CABA93472A1674A100FD3070 /* Debug */ = {
			isa = XCBuildConfiguration;
			buildSettings = {
				CODE_SIGN_STYLE = Automatic;
				DEVELOPMENT_TEAM = 4NK62H99X6;
				ENABLE_HARDENED_RUNTIME = YES;
				PRODUCT_NAME = "$(TARGET_NAME)";
				SWIFT_VERSION = 5.0;
			};
			name = Debug;
		};
		CABA93482A1674A100FD3070 /* Release */ = {
			isa = XCBuildConfiguration;
			buildSettings = {
				CODE_SIGN_STYLE = Automatic;
				DEVELOPMENT_TEAM = 4NK62H99X6;
				ENABLE_HARDENED_RUNTIME = YES;
				PRODUCT_NAME = "$(TARGET_NAME)";
				SWIFT_VERSION = 5.0;
			};
			name = Release;
		};
/* End XCBuildConfiguration section */

/* Begin XCConfigurationList section */
		CABA933A2A1674A100FD3070 /* Build configuration list for PBXProject "Hilo" */ = {
			isa = XCConfigurationList;
			buildConfigurations = (
				CABA93442A1674A100FD3070 /* Debug */,
				CABA93452A1674A100FD3070 /* Release */,
			);
			defaultConfigurationIsVisible = 0;
			defaultConfigurationName = Release;
		};
		CABA93462A1674A100FD3070 /* Build configuration list for PBXNativeTarget "Hilo" */ = {
			isa = XCConfigurationList;
			buildConfigurations = (
				CABA93472A1674A100FD3070 /* Debug */,
				CABA93482A1674A100FD3070 /* Release */,
			);
			defaultConfigurationIsVisible = 0;
			defaultConfigurationName = Release;
		};
/* End XCConfigurationList section */
	};
	rootObject = CABA93372A1674A100FD3070 /* Project object */;
}
